<Solution>
    <Project Path="src\CinemaHikes.Application\CinemaHikes.Application.csproj" />
    <Project Path="src\CinemaHikes.Console\CinemaHikes.Console.csproj" />
    <Project Path="src\CinemaHikes.Domain\CinemaHikes.Domain.csproj" />
    <Project Path="src\CinemaHikes.Infrastructure\CinemaHikes.Infrastructure.csproj" />
</Solution>
